# This file is automatically @generated by Cargo.
# It is not intended for manual editing.
version = 3

[[package]]
name = "execution"
version = "0.1.0"
dependencies = [
 "filter_stack",
 "metrics",
 "rpc_pool",
 "sh_sniffer",
 "tx_builder",
 "wallet",
]

[[package]]
name = "filter_stack"
version = "0.1.0"
dependencies = [
 "intelligence",
 "metrics",
 "sh_sniffer",
 "state_cache",
]

[[package]]
name = "hunterd"
version = "0.1.0"
dependencies = [
 "execution",
 "filter_stack",
 "intelligence",
 "metrics",
 "rpc_pool",
 "sh_sniffer",
 "state_cache",
 "tx_builder",
 "wallet",
]

[[package]]
name = "intelligence"
version = "0.1.0"

[[package]]
name = "metrics"
version = "0.1.0"

[[package]]
name = "rpc_pool"
version = "0.1.0"
dependencies = [
 "metrics",
 "tx_builder",
]

[[package]]
name = "sh_sniffer"
version = "0.1.0"

[[package]]
name = "state_cache"
version = "0.1.0"

[[package]]
name = "tx_builder"
version = "0.1.0"
dependencies = [
 "filter_stack",
 "sh_sniffer",
]

[[package]]
name = "wallet"
version = "0.1.0"
dependencies = [
 "tx_builder",
]
